
Microsoft Visual Studio Solution File, Format Version 12.00
# Visual Studio Version 16
VisualStudioVersion = 16.0.31205.134
MinimumVisualStudioVersion = 10.0.40219.1
Project("{FAE04EC0-301F-11D3-BF4B-00C04F79EFBC}") = "ConsoleUI", "LSPDemo\ConsoleUI.csproj", "{83414B0A-5005-400C-A931-7F6F803AF19B}"
EndProject
Project("{FAE04EC0-301F-11D3-BF4B-00C04F79EFBC}") = "DemoLibrary", "DemoLibrary\DemoLibrary.csproj", "{2101C354-046A-470E-9C5F-769B235F8CC0}"
EndProject
Global
	GlobalSection(SolutionConfigurationPlatforms) = preSolution
		Debug|Any CPU = Debug|Any CPU
		Release|Any CPU = Release|Any CPU
	EndGlobalSection
	GlobalSection(ProjectConfigurationPlatforms) = postSolution
		{83414B0A-5005-400C-A931-7F6F803AF19B}.Debug|Any CPU.ActiveCfg = Debug|Any CPU
		{83414B0A-5005-400C-A931-7F6F803AF19B}.Debug|Any CPU.Build.0 = Debug|Any CPU
		{83414B0A-5005-400C-A931-7F6F803AF19B}.Release|Any CPU.ActiveCfg = Release|Any CPU
		{83414B0A-5005-400C-A931-7F6F803AF19B}.Release|Any CPU.Build.0 = Release|Any CPU
		{2101C354-046A-470E-9C5F-769B235F8CC0}.Debug|Any CPU.ActiveCfg = Debug|Any CPU
		{2101C354-046A-470E-9C5F-769B235F8CC0}.Debug|Any CPU.Build.0 = Debug|Any CPU
		{2101C354-046A-470E-9C5F-769B235F8CC0}.Release|Any CPU.ActiveCfg = Release|Any CPU
		{2101C354-046A-470E-9C5F-769B235F8CC0}.Release|Any CPU.Build.0 = Release|Any CPU
	EndGlobalSection
	GlobalSection(SolutionProperties) = preSolution
		HideSolutionNode = FALSE
	EndGlobalSection
	GlobalSection(ExtensibilityGlobals) = postSolution
		SolutionGuid = {0989B0EB-F962-4BC9-AE8B-6A46A2146B7D}
	EndGlobalSection
EndGlobal
